
Microsoft Visual Studio Solution File, Format Version 12.00
# Visual Studio Version 16
VisualStudioVersion = 16.0.32228.343
MinimumVisualStudioVersion = 10.0.40219.1
Project("{FAE04EC0-301F-11D3-BF4B-00C04F79EFBC}") = "11a_Project_Parcels", "11a_Project_Parcels\11a_Project_Parcels.csproj", "{29FC9C64-ACDC-4A8C-8F75-6888C269A288}"
EndProject
Global
	GlobalSection(SolutionConfigurationPlatforms) = preSolution
		Debug|Any CPU = Debug|Any CPU
		Release|Any CPU = Release|Any CPU
	EndGlobalSection
	GlobalSection(ProjectConfigurationPlatforms) = postSolution
		{29FC9C64-ACDC-4A8C-8F75-6888C269A288}.Debug|Any CPU.ActiveCfg = Debug|Any CPU
		{29FC9C64-ACDC-4A8C-8F75-6888C269A288}.Debug|Any CPU.Build.0 = Debug|Any CPU
		{29FC9C64-ACDC-4A8C-8F75-6888C269A288}.Release|Any CPU.ActiveCfg = Release|Any CPU
		{29FC9C64-ACDC-4A8C-8F75-6888C269A288}.Release|Any CPU.Build.0 = Release|Any CPU
	EndGlobalSection
	GlobalSection(SolutionProperties) = preSolution
		HideSolutionNode = FALSE
	EndGlobalSection
	GlobalSection(ExtensibilityGlobals) = postSolution
		SolutionGuid = {27525699-7629-4BFC-8599-0C2617963756}
	EndGlobalSection
EndGlobal
